
Microsoft Visual Studio Solution File, Format Version 12.00
# Visual Studio 2013
VisualStudioVersion = 12.0.30723.0
MinimumVisualStudioVersion = 10.0.40219.1
Project("{FAE04EC0-301F-11D3-BF4B-00C04F79EFBC}") = "TestBot", "TestBot\TestBot.csproj", "{1D534724-B586-409C-ADB4-7795C9C1AE9C}"
EndProject
Project("{FAE04EC0-301F-11D3-BF4B-00C04F79EFBC}") = "Literal", "Literal\Literal.csproj", "{2709FC6A-7B94-4954-A7F0-78DB29B8774F}"
EndProject
Project("{FAE04EC0-301F-11D3-BF4B-00C04F79EFBC}") = "LiteralWpf", "LiteralWpf\LiteralWpf.csproj", "{30735F45-1114-492F-8CC9-4A09C833DA23}"
EndProject
Global
	GlobalSection(SolutionConfigurationPlatforms) = preSolution
		Debug|Any CPU = Debug|Any CPU
		Release|Any CPU = Release|Any CPU
	EndGlobalSection
	GlobalSection(ProjectConfigurationPlatforms) = postSolution
		{1D534724-B586-409C-ADB4-7795C9C1AE9C}.Debug|Any CPU.ActiveCfg = Debug|Any CPU
		{1D534724-B586-409C-ADB4-7795C9C1AE9C}.Debug|Any CPU.Build.0 = Debug|Any CPU
		{1D534724-B586-409C-ADB4-7795C9C1AE9C}.Release|Any CPU.ActiveCfg = Release|Any CPU
		{1D534724-B586-409C-ADB4-7795C9C1AE9C}.Release|Any CPU.Build.0 = Release|Any CPU
		{2709FC6A-7B94-4954-A7F0-78DB29B8774F}.Debug|Any CPU.ActiveCfg = Debug|Any CPU
		{2709FC6A-7B94-4954-A7F0-78DB29B8774F}.Debug|Any CPU.Build.0 = Debug|Any CPU
		{2709FC6A-7B94-4954-A7F0-78DB29B8774F}.Release|Any CPU.ActiveCfg = Release|Any CPU
		{2709FC6A-7B94-4954-A7F0-78DB29B8774F}.Release|Any CPU.Build.0 = Release|Any CPU
		{30735F45-1114-492F-8CC9-4A09C833DA23}.Debug|Any CPU.ActiveCfg = Debug|Any CPU
		{30735F45-1114-492F-8CC9-4A09C833DA23}.Debug|Any CPU.Build.0 = Debug|Any CPU
		{30735F45-1114-492F-8CC9-4A09C833DA23}.Release|Any CPU.ActiveCfg = Release|Any CPU
		{30735F45-1114-492F-8CC9-4A09C833DA23}.Release|Any CPU.Build.0 = Release|Any CPU
	EndGlobalSection
	GlobalSection(SolutionProperties) = preSolution
		HideSolutionNode = FALSE
	EndGlobalSection
EndGlobal
